{
  "name": "ai_tutor_test",
  "version": "1.0.0",
  "lockfileVersion": 3,
  "requires": true,
  "packages": {
    "": {
      "name": "ai_tutor_test",
      "version": "1.0.0",
      "license": "ISC",
      "dependencies": {
        "openai": "^5.20.0"
      }
    },
    "node_modules/openai": {
      "version": "5.20.0",
      "resolved": "https://registry.npmjs.org/openai/-/openai-5.20.0.tgz",
      "integrity": "sha512-Bmc2zLM/YWgFrDpXr9hwXqGGDdMmMpE9+qoZPsaHpn0Y/Qk1Vu26hNqXo7+nHdli+sLsXINvS1f8kR3NKhGKmA==",
      "license": "Apache-2.0",
      "bin": {
        "openai": "bin/cli"
      },
      "peerDependencies": {
        "ws": "^8.18.0",
        "zod": "^3.23.8"
      },
      "peerDependenciesMeta": {
        "ws": {
          "optional": true
        },
        "zod": {
          "optional": true
        }
      }
    }
  }
}
